
Microsoft Visual Studio Solution File, Format Version 12.00
# Visual Studio 15
VisualStudioVersion = 15.0.28307.329
MinimumVisualStudioVersion = 10.0.40219.1
Project("{FAE04EC0-301F-11D3-BF4B-00C04F79EFBC}") = "CasaDoCodigo", "CasaDoCodigo\CasaDoCodigo.csproj", "{DE7E47DA-72D1-457E-9DC5-BAAFA6C3BF80}"
EndProject
Global
	GlobalSection(SolutionConfigurationPlatforms) = preSolution
		Debug|Any CPU = Debug|Any CPU
		Release|Any CPU = Release|Any CPU
	EndGlobalSection
	GlobalSection(ProjectConfigurationPlatforms) = postSolution
		{DE7E47DA-72D1-457E-9DC5-BAAFA6C3BF80}.Debug|Any CPU.ActiveCfg = Debug|Any CPU
		{DE7E47DA-72D1-457E-9DC5-BAAFA6C3BF80}.Debug|Any CPU.Build.0 = Debug|Any CPU
		{DE7E47DA-72D1-457E-9DC5-BAAFA6C3BF80}.Release|Any CPU.ActiveCfg = Release|Any CPU
		{DE7E47DA-72D1-457E-9DC5-BAAFA6C3BF80}.Release|Any CPU.Build.0 = Release|Any CPU
	EndGlobalSection
	GlobalSection(SolutionProperties) = preSolution
		HideSolutionNode = FALSE
	EndGlobalSection
	GlobalSection(ExtensibilityGlobals) = postSolution
		SolutionGuid = {9E708697-0C1A-46F0-B405-7BCE077CB704}
	EndGlobalSection
EndGlobal
